# This file is @generated by PDM.
# It is not intended for manual editing.

[metadata]
groups = ["default"]
cross_platform = true
static_urls = false
lock_version = "4.3"
content_hash = "sha256:33cda9711940e89b556888d5a4575ada8bf44d328e5323c8920a514809db10c1"

[[package]]
name = "cffi"
version = "1.15.1"
summary = "Foreign Function Interface for Python calling C code."
dependencies = [
    "pycparser",
]
files = [
    {file = "cffi-1.15.1-cp310-cp310-macosx_10_9_x86_64.whl", hash = "sha256:39d39875251ca8f612b6f33e6b1195af86d1b3e60086068be9cc053aa4376e21"},
    {file = "cffi-1.15.1-cp310-cp310-macosx_11_0_arm64.whl", hash = "sha256:285d29981935eb726a4399badae8f0ffdff4f5050eaa6d0cfc3f64b857b77185"},
    {file = "cffi-1.15.1-cp310-cp310-manylinux_2_12_i686.manylinux2010_i686.manylinux_2_17_i686.manylinux2014_i686.whl", hash = "sha256:3eb6971dcff08619f8d91607cfc726518b6fa2a9eba42856be181c6d0d9515fd"},
    {file = "cffi-1.15.1-cp310-cp310-manylinux_2_17_aarch64.manylinux2014_aarch64.whl", hash = "sha256:21157295583fe8943475029ed5abdcf71eb3911894724e360acff1d61c1d54bc"},
    {file = "cffi-1.15.1-cp310-cp310-manylinux_2_17_ppc64le.manylinux2014_ppc64le.whl", hash = "sha256:5635bd9cb9731e6d4a1132a498dd34f764034a8ce60cef4f5319c0541159392f"},
    {file = "cffi-1.15.1-cp310-cp310-manylinux_2_17_s390x.manylinux2014_s390x.whl", hash = "sha256:2012c72d854c2d03e45d06ae57f40d78e5770d252f195b93f581acf3ba44496e"},
    {file = "cffi-1.15.1-cp310-cp310-manylinux_2_17_x86_64.manylinux2014_x86_64.whl", hash = "sha256:dd86c085fae2efd48ac91dd7ccffcfc0571387fe1193d33b6394db7ef31fe2a4"},
    {file = "cffi-1.15.1-cp310-cp310-musllinux_1_1_i686.whl", hash = "sha256:fa6693661a4c91757f4412306191b6dc88c1703f780c8234035eac011922bc01"},
    {file = "cffi-1.15.1-cp310-cp310-musllinux_1_1_x86_64.whl", hash = "sha256:59c0b02d0a6c384d453fece7566d1c7e6b7bae4fc5874ef2ef46d56776d61c9e"},
    {file = "cffi-1.15.1-cp310-cp310-win32.whl", hash = "sha256:cba9d6b9a7d64d4bd46167096fc9d2f835e25d7e4c121fb2ddfc6528fb0413b2"},
    {file = "cffi-1.15.1-cp310-cp310-win_amd64.whl", hash = "sha256:ce4bcc037df4fc5e3d184794f27bdaab018943698f4ca31630bc7f84a7b69c6d"},
    {file = "cffi-1.15.1-cp311-cp311-macosx_10_9_x86_64.whl", hash = "sha256:3d08afd128ddaa624a48cf2b859afef385b720bb4b43df214f85616922e6a5ac"},
    {file = "cffi-1.15.1-cp311-cp311-macosx_11_0_arm64.whl", hash = "sha256:3799aecf2e17cf585d977b780ce79ff0dc9b78d799fc694221ce814c2c19db83"},
    {file = "cffi-1.15.1-cp311-cp311-manylinux_2_12_i686.manylinux2010_i686.manylinux_2_17_i686.manylinux2014_i686.whl", hash = "sha256:a591fe9e525846e4d154205572a029f653ada1a78b93697f3b5a8f1f2bc055b9"},
    {file = "cffi-1.15.1-cp311-cp311-manylinux_2_17_aarch64.manylinux2014_aarch64.whl", hash = "sha256:3548db281cd7d2561c9ad9984681c95f7b0e38881201e157833a2342c30d5e8c"},
    {file = "cffi-1.15.1-cp311-cp311-manylinux_2_17_ppc64le.manylinux2014_ppc64le.whl", hash = "sha256:91fc98adde3d7881af9b59ed0294046f3806221863722ba7d8d120c575314325"},
    {file = "cffi-1.15.1-cp311-cp311-manylinux_2_17_x86_64.manylinux2014_x86_64.whl", hash = "sha256:94411f22c3985acaec6f83c6df553f2dbe17b698cc7f8ae751ff2237d96b9e3c"},
    {file = "cffi-1.15.1-cp311-cp311-musllinux_1_1_i686.whl", hash = "sha256:03425bdae262c76aad70202debd780501fabeaca237cdfddc008987c0e0f59ef"},
    {file = "cffi-1.15.1-cp311-cp311-musllinux_1_1_x86_64.whl", hash = "sha256:cc4d65aeeaa04136a12677d3dd0b1c0c94dc43abac5860ab33cceb42b801c1e8"},
    {file = "cffi-1.15.1-cp311-cp311-win32.whl", hash = "sha256:a0f100c8912c114ff53e1202d0078b425bee3649ae34d7b070e9697f93c5d52d"},
    {file = "cffi-1.15.1-cp311-cp311-win_amd64.whl", hash = "sha256:04ed324bda3cda42b9b695d51bb7d54b680b9719cfab04227cdd1e04e5de3104"},
    {file = "cffi-1.15.1.tar.gz", hash = "sha256:d400bfb9a37b1351253cb402671cea7e89bdecc294e8016a707f6d1d8ac934f9"},
]

[[package]]
name = "numpy"
version = "1.25.2"
requires_python = ">=3.9"
summary = "Fundamental package for array computing in Python"
files = [
    {file = "numpy-1.25.2-cp310-cp310-macosx_10_9_x86_64.whl", hash = "sha256:db3ccc4e37a6873045580d413fe79b68e47a681af8db2e046f1dacfa11f86eb3"},
    {file = "numpy-1.25.2-cp310-cp310-macosx_11_0_arm64.whl", hash = "sha256:90319e4f002795ccfc9050110bbbaa16c944b1c37c0baeea43c5fb881693ae1f"},
    {file = "numpy-1.25.2-cp310-cp310-manylinux_2_17_aarch64.manylinux2014_aarch64.whl", hash = "sha256:dfe4a913e29b418d096e696ddd422d8a5d13ffba4ea91f9f60440a3b759b0187"},
    {file = "numpy-1.25.2-cp310-cp310-manylinux_2_17_x86_64.manylinux2014_x86_64.whl", hash = "sha256:f08f2e037bba04e707eebf4bc934f1972a315c883a9e0ebfa8a7756eabf9e357"},
    {file = "numpy-1.25.2-cp310-cp310-musllinux_1_1_x86_64.whl", hash = "sha256:bec1e7213c7cb00d67093247f8c4db156fd03075f49876957dca4711306d39c9"},
    {file = "numpy-1.25.2-cp310-cp310-win32.whl", hash = "sha256:7dc869c0c75988e1c693d0e2d5b26034644399dd929bc049db55395b1379e044"},
    {file = "numpy-1.25.2-cp310-cp310-win_amd64.whl", hash = "sha256:834b386f2b8210dca38c71a6e0f4fd6922f7d3fcff935dbe3a570945acb1b545"},
    {file = "numpy-1.25.2-cp311-cp311-macosx_10_9_x86_64.whl", hash = "sha256:c5462d19336db4560041517dbb7759c21d181a67cb01b36ca109b2ae37d32418"},
    {file = "numpy-1.25.2-cp311-cp311-macosx_11_0_arm64.whl", hash = "sha256:c5652ea24d33585ea39eb6a6a15dac87a1206a692719ff45d53c5282e66d4a8f"},
    {file = "numpy-1.25.2-cp311-cp311-manylinux_2_17_aarch64.manylinux2014_aarch64.whl", hash = "sha256:0d60fbae8e0019865fc4784745814cff1c421df5afee233db6d88ab4f14655a2"},
    {file = "numpy-1.25.2-cp311-cp311-manylinux_2_17_x86_64.manylinux2014_x86_64.whl", hash = "sha256:60e7f0f7f6d0eee8364b9a6304c2845b9c491ac706048c7e8cf47b83123b8dbf"},
    {file = "numpy-1.25.2-cp311-cp311-musllinux_1_1_x86_64.whl", hash = "sha256:bb33d5a1cf360304754913a350edda36d5b8c5331a8237268c48f91253c3a364"},
    {file = "numpy-1.25.2-cp311-cp311-win32.whl", hash = "sha256:5883c06bb92f2e6c8181df7b39971a5fb436288db58b5a1c3967702d4278691d"},
    {file = "numpy-1.25.2-cp311-cp311-win_amd64.whl", hash = "sha256:5c97325a0ba6f9d041feb9390924614b60b99209a71a69c876f71052521d42a4"},
    {file = "numpy-1.25.2-pp39-pypy39_pp73-macosx_10_9_x86_64.whl", hash = "sha256:1a1329e26f46230bf77b02cc19e900db9b52f398d6722ca853349a782d4cff55"},
    {file = "numpy-1.25.2-pp39-pypy39_pp73-manylinux_2_17_x86_64.manylinux2014_x86_64.whl", hash = "sha256:4c3abc71e8b6edba80a01a52e66d83c5d14433cbcd26a40c329ec7ed09f37901"},
    {file = "numpy-1.25.2-pp39-pypy39_pp73-win_amd64.whl", hash = "sha256:1b9735c27cea5d995496f46a8b1cd7b408b3f34b6d50459d9ac8fe3a20cc17bf"},
    {file = "numpy-1.25.2.tar.gz", hash = "sha256:fd608e19c8d7c55021dffd43bfe5492fab8cc105cc8986f813f8c3c048b38760"},
]

[[package]]
name = "opencv-python"
version = "4.8.0.76"
requires_python = ">=3.6"
summary = "Wrapper package for OpenCV python bindings."
dependencies = [
    "numpy>=1.17.0; python_version >= \"3.7\"",
    "numpy>=1.17.3; python_version >= \"3.8\"",
    "numpy>=1.19.3; python_version >= \"3.6\" and platform_system == \"Linux\" and platform_machine == \"aarch64\"",
    "numpy>=1.19.3; python_version >= \"3.9\"",
    "numpy>=1.21.2; python_version >= \"3.10\"",
    "numpy>=1.21.4; python_version >= \"3.10\" and platform_system == \"Darwin\"",
    "numpy>=1.23.5; python_version >= \"3.11\"",
]
files = [
    {file = "opencv-python-4.8.0.76.tar.gz", hash = "sha256:56d84c43ce800938b9b1ec74b33942b2edbcef3f70c2754eb9bfe5dff1ee3ace"},
    {file = "opencv_python-4.8.0.76-cp37-abi3-macosx_10_16_x86_64.whl", hash = "sha256:67bce4b9aad307c98a9a07c6afb7de3a4e823c1f4991d6d8e88e229e7dfeee59"},
    {file = "opencv_python-4.8.0.76-cp37-abi3-macosx_11_0_arm64.whl", hash = "sha256:48eb3121d809a873086d6677565e3ac963e6946110d13cd115533fa70e2aa2eb"},
    {file = "opencv_python-4.8.0.76-cp37-abi3-manylinux_2_17_aarch64.manylinux2014_aarch64.whl", hash = "sha256:93871871b1c9d6b125cddd45b0638a2fa01ee9fd37f5e428823f750e404f2f15"},
    {file = "opencv_python-4.8.0.76-cp37-abi3-manylinux_2_17_x86_64.manylinux2014_x86_64.whl", hash = "sha256:9bcb4944211acf13742dbfd9d3a11dc4e36353ffa1746f2c7dcd6a01c32d1376"},
    {file = "opencv_python-4.8.0.76-cp37-abi3-win32.whl", hash = "sha256:b2349dc9f97ed6c9ba163d0a7a24bcef9695a3e216cd143e92f1b9659c5d9a49"},
    {file = "opencv_python-4.8.0.76-cp37-abi3-win_amd64.whl", hash = "sha256:ba32cfa75a806abd68249699d34420737d27b5678553387fc5768747a6492147"},
]

[[package]]
name = "pycparser"
version = "2.21"
requires_python = ">=2.7, !=3.0.*, !=3.1.*, !=3.2.*, !=3.3.*"
summary = "C parser in Python"
files = [
    {file = "pycparser-2.21-py2.py3-none-any.whl", hash = "sha256:8ee45429555515e1f6b185e78100aea234072576aa43ab53aefcae078162fca9"},
    {file = "pycparser-2.21.tar.gz", hash = "sha256:e644fdec12f7872f86c58ff790da456218b10f863970249516d60a5eaca77206"},
]

[[package]]
name = "pyzmq"
version = "25.1.1"
requires_python = ">=3.6"
summary = "Python bindings for 0MQ"
dependencies = [
    "cffi; implementation_name == \"pypy\"",
]
files = [
    {file = "pyzmq-25.1.1.tar.gz", hash = "sha256:259c22485b71abacdfa8bf79720cd7bcf4b9d128b30ea554f01ae71fdbfdaa23"},
]

[[package]]
name = "sounddevice"
version = "0.4.6"
requires_python = ">=3.7"
summary = "Play and Record Sound with Python"
dependencies = [
    "CFFI>=1.0",
]
files = [
    {file = "sounddevice-0.4.6-py3-none-any.whl", hash = "sha256:5de768ba6fe56ad2b5aaa2eea794b76b73e427961c95acad2ee2ed7f866a4b20"},
    {file = "sounddevice-0.4.6-py3-none-macosx_10_6_x86_64.macosx_10_6_universal2.whl", hash = "sha256:8b0b806c205dd3e3cd5a97262b2482624fd21db7d47083b887090148a08051c8"},
    {file = "sounddevice-0.4.6-py3-none-win32.whl", hash = "sha256:e3ba6e674ffa8f79a591d744a1d4ab922fe5bdfd4faf8b25069a08e051010b7b"},
    {file = "sounddevice-0.4.6-py3-none-win_amd64.whl", hash = "sha256:7830d4f8f8570f2e5552942f81d96999c5fcd9a0b682d6fc5d5c5529df23be2c"},
    {file = "sounddevice-0.4.6.tar.gz", hash = "sha256:3236b78f15f0415bdf006a620cef073d0c0522851d66f4a961ed6d8eb1482fe9"},
]

[[package]]
name = "soundfile"
version = "0.12.1"
summary = "An audio library based on libsndfile, CFFI and NumPy"
dependencies = [
    "cffi>=1.0",
]
files = [
    {file = "soundfile-0.12.1-py2.py3-none-any.whl", hash = "sha256:828a79c2e75abab5359f780c81dccd4953c45a2c4cd4f05ba3e233ddf984b882"},
    {file = "soundfile-0.12.1-py2.py3-none-macosx_10_9_x86_64.whl", hash = "sha256:d922be1563ce17a69582a352a86f28ed8c9f6a8bc951df63476ffc310c064bfa"},
    {file = "soundfile-0.12.1-py2.py3-none-macosx_11_0_arm64.whl", hash = "sha256:bceaab5c4febb11ea0554566784bcf4bc2e3977b53946dda2b12804b4fe524a8"},
    {file = "soundfile-0.12.1-py2.py3-none-manylinux_2_17_x86_64.whl", hash = "sha256:2dc3685bed7187c072a46ab4ffddd38cef7de9ae5eb05c03df2ad569cf4dacbc"},
    {file = "soundfile-0.12.1-py2.py3-none-manylinux_2_31_x86_64.whl", hash = "sha256:074247b771a181859d2bc1f98b5ebf6d5153d2c397b86ee9e29ba602a8dfe2a6"},
    {file = "soundfile-0.12.1-py2.py3-none-win32.whl", hash = "sha256:59dfd88c79b48f441bbf6994142a19ab1de3b9bb7c12863402c2bc621e49091a"},
    {file = "soundfile-0.12.1-py2.py3-none-win_amd64.whl", hash = "sha256:0d86924c00b62552b650ddd28af426e3ff2d4dc2e9047dae5b3d8452e0a49a77"},
    {file = "soundfile-0.12.1.tar.gz", hash = "sha256:e8e1017b2cf1dda767aef19d2fd9ee5ebe07e050d430f77a0a7c66ba08b8cdae"},
]
